Microsoft Visual Studio Solution File, Format Version 12.00
# Visual Studio Version 17
VisualStudioVersion = 17.5.2.0
MinimumVisualStudioVersion = 10.0.40219.1
Project("{FAE04EC0-301F-11D3-BF4B-00C04F79EFBC}") = "echo-api", "echo-api.csproj", "{5EBD97BE-38F3-698D-A00B-F438248AC327}"
EndProject
Global
	GlobalSection(SolutionConfigurationPlatforms) = preSolution
		Debug|Any CPU = Debug|Any CPU
		Release|Any CPU = Release|Any CPU
	EndGlobalSection
	GlobalSection(ProjectConfigurationPlatforms) = postSolution
		{5EBD97BE-38F3-698D-A00B-F438248AC327}.Debug|Any CPU.ActiveCfg = Debug|Any CPU
		{5EBD97BE-38F3-698D-A00B-F438248AC327}.Debug|Any CPU.Build.0 = Debug|Any CPU
		{5EBD97BE-38F3-698D-A00B-F438248AC327}.Release|Any CPU.ActiveCfg = Release|Any CPU
		{5EBD97BE-38F3-698D-A00B-F438248AC327}.Release|Any CPU.Build.0 = Release|Any CPU
	EndGlobalSection
	GlobalSection(SolutionProperties) = preSolution
		HideSolutionNode = FALSE
	EndGlobalSection
	GlobalSection(ExtensibilityGlobals) = postSolution
		SolutionGuid = {F564FBD9-DF4C-4E4D-9B65-80BD50B988F6}
	EndGlobalSection
EndGlobal
